
Microsoft Visual Studio Solution File, Format Version 12.00
# Visual Studio 15
VisualStudioVersion = 15.0.27428.2015
MinimumVisualStudioVersion = 10.0.40219.1
Project("{8BC9CEB8-8B4A-11D0-8D11-00A0C91BC942}") = "Game_AI", "Game_AI.vcxproj", "{BB2DF727-6D0B-44A9-BDCC-1BF7FCD1E128}"
EndProject
Project("{8BC9CEB8-8B4A-11D0-8D11-00A0C91BC942}") = "02_Strategy_pattern", "02_Strategy_pattern\02_Strategy_pattern.vcxproj", "{A30F43DB-F9CD-4D8D-88A3-182D4F9494F8}"
EndProject
Project("{8BC9CEB8-8B4A-11D0-8D11-00A0C91BC942}") = "03_Observer_pattern", "03_Observer_pattern\03_Observer_pattern.vcxproj", "{20943DAB-0334-42D7-A855-063668537F67}"
EndProject
Project("{8BC9CEB8-8B4A-11D0-8D11-00A0C91BC942}") = "04_Decorator", "04_Decorator\04_Decorator.vcxproj", "{A26D8D40-951D-4240-9617-BAADC305D2E1}"
EndProject
Project("{8BC9CEB8-8B4A-11D0-8D11-00A0C91BC942}") = "04_Factory_pattern", "04_Factory_pattern\04_Factory_pattern.vcxproj", "{7C1FA59F-6BAB-445E-A383-91055BEB8DAF}"
EndProject
Project("{8BC9CEB8-8B4A-11D0-8D11-00A0C91BC942}") = "04_homework", "04_homework\04_homework.vcxproj", "{83208017-DBBC-4F2A-A2E3-A5F1248056C5}"
EndProject
Project("{8BC9CEB8-8B4A-11D0-8D11-00A0C91BC942}") = "05_Finite_state_machine", "05_Finite_state_machine\05_Finite_state_machine.vcxproj", "{D7A3E39E-A09E-4288-94D0-BF81345B05C7}"
EndProject
Project("{8BC9CEB8-8B4A-11D0-8D11-00A0C91BC942}") = "06_Pacman", "06_Pacman\06_Pacman.vcxproj", "{8F30406C-E155-4019-BB36-B4E79655B08A}"
EndProject
Project("{8BC9CEB8-8B4A-11D0-8D11-00A0C91BC942}") = "Dijkstra", "Dijkstra\Dijkstra.vcxproj", "{CA374110-8F04-4E2B-B450-AF8D74E75941}"
EndProject
Global
	GlobalSection(SolutionConfigurationPlatforms) = preSolution
		Debug|x64 = Debug|x64
		Debug|x86 = Debug|x86
		Release|x64 = Release|x64
		Release|x86 = Release|x86
	EndGlobalSection
	GlobalSection(ProjectConfigurationPlatforms) = postSolution
		{BB2DF727-6D0B-44A9-BDCC-1BF7FCD1E128}.Debug|x64.ActiveCfg = Debug|x64
		{BB2DF727-6D0B-44A9-BDCC-1BF7FCD1E128}.Debug|x64.Build.0 = Debug|x64
		{BB2DF727-6D0B-44A9-BDCC-1BF7FCD1E128}.Debug|x86.ActiveCfg = Debug|Win32
		{BB2DF727-6D0B-44A9-BDCC-1BF7FCD1E128}.Debug|x86.Build.0 = Debug|Win32
		{BB2DF727-6D0B-44A9-BDCC-1BF7FCD1E128}.Release|x64.ActiveCfg = Release|x64
		{BB2DF727-6D0B-44A9-BDCC-1BF7FCD1E128}.Release|x64.Build.0 = Release|x64
		{BB2DF727-6D0B-44A9-BDCC-1BF7FCD1E128}.Release|x86.ActiveCfg = Release|Win32
		{BB2DF727-6D0B-44A9-BDCC-1BF7FCD1E128}.Release|x86.Build.0 = Release|Win32
		{A30F43DB-F9CD-4D8D-88A3-182D4F9494F8}.Debug|x64.ActiveCfg = Debug|x64
		{A30F43DB-F9CD-4D8D-88A3-182D4F9494F8}.Debug|x64.Build.0 = Debug|x64
		{A30F43DB-F9CD-4D8D-88A3-182D4F9494F8}.Debug|x86.ActiveCfg = Debug|Win32
		{A30F43DB-F9CD-4D8D-88A3-182D4F9494F8}.Debug|x86.Build.0 = Debug|Win32
		{A30F43DB-F9CD-4D8D-88A3-182D4F9494F8}.Release|x64.ActiveCfg = Release|x64
		{A30F43DB-F9CD-4D8D-88A3-182D4F9494F8}.Release|x64.Build.0 = Release|x64
		{A30F43DB-F9CD-4D8D-88A3-182D4F9494F8}.Release|x86.ActiveCfg = Release|Win32
		{A30F43DB-F9CD-4D8D-88A3-182D4F9494F8}.Release|x86.Build.0 = Release|Win32
		{20943DAB-0334-42D7-A855-063668537F67}.Debug|x64.ActiveCfg = Debug|x64
		{20943DAB-0334-42D7-A855-063668537F67}.Debug|x64.Build.0 = Debug|x64
		{20943DAB-0334-42D7-A855-063668537F67}.Debug|x86.ActiveCfg = Debug|Win32
		{20943DAB-0334-42D7-A855-063668537F67}.Debug|x86.Build.0 = Debug|Win32
		{20943DAB-0334-42D7-A855-063668537F67}.Release|x64.ActiveCfg = Release|x64
		{20943DAB-0334-42D7-A855-063668537F67}.Release|x64.Build.0 = Release|x64
		{20943DAB-0334-42D7-A855-063668537F67}.Release|x86.ActiveCfg = Release|Win32
		{20943DAB-0334-42D7-A855-063668537F67}.Release|x86.Build.0 = Release|Win32
		{A26D8D40-951D-4240-9617-BAADC305D2E1}.Debug|x64.ActiveCfg = Debug|x64
		{A26D8D40-951D-4240-9617-BAADC305D2E1}.Debug|x64.Build.0 = Debug|x64
		{A26D8D40-951D-4240-9617-BAADC305D2E1}.Debug|x86.ActiveCfg = Debug|Win32
		{A26D8D40-951D-4240-9617-BAADC305D2E1}.Debug|x86.Build.0 = Debug|Win32
		{A26D8D40-951D-4240-9617-BAADC305D2E1}.Release|x64.ActiveCfg = Release|x64
		{A26D8D40-951D-4240-9617-BAADC305D2E1}.Release|x64.Build.0 = Release|x64
		{A26D8D40-951D-4240-9617-BAADC305D2E1}.Release|x86.ActiveCfg = Release|Win32
		{A26D8D40-951D-4240-9617-BAADC305D2E1}.Release|x86.Build.0 = Release|Win32
		{7C1FA59F-6BAB-445E-A383-91055BEB8DAF}.Debug|x64.ActiveCfg = Debug|x64
		{7C1FA59F-6BAB-445E-A383-91055BEB8DAF}.Debug|x64.Build.0 = Debug|x64
		{7C1FA59F-6BAB-445E-A383-91055BEB8DAF}.Debug|x86.ActiveCfg = Debug|Win32
		{7C1FA59F-6BAB-445E-A383-91055BEB8DAF}.Debug|x86.Build.0 = Debug|Win32
		{7C1FA59F-6BAB-445E-A383-91055BEB8DAF}.Release|x64.ActiveCfg = Release|x64
		{7C1FA59F-6BAB-445E-A383-91055BEB8DAF}.Release|x64.Build.0 = Release|x64
		{7C1FA59F-6BAB-445E-A383-91055BEB8DAF}.Release|x86.ActiveCfg = Release|Win32
		{7C1FA59F-6BAB-445E-A383-91055BEB8DAF}.Release|x86.Build.0 = Release|Win32
		{83208017-DBBC-4F2A-A2E3-A5F1248056C5}.Debug|x64.ActiveCfg = Debug|x64
		{83208017-DBBC-4F2A-A2E3-A5F1248056C5}.Debug|x64.Build.0 = Debug|x64
		{83208017-DBBC-4F2A-A2E3-A5F1248056C5}.Debug|x86.ActiveCfg = Debug|Win32
		{83208017-DBBC-4F2A-A2E3-A5F1248056C5}.Debug|x86.Build.0 = Debug|Win32
		{83208017-DBBC-4F2A-A2E3-A5F1248056C5}.Release|x64.ActiveCfg = Release|x64
		{83208017-DBBC-4F2A-A2E3-A5F1248056C5}.Release|x64.Build.0 = Release|x64
		{83208017-DBBC-4F2A-A2E3-A5F1248056C5}.Release|x86.ActiveCfg = Release|Win32
		{83208017-DBBC-4F2A-A2E3-A5F1248056C5}.Release|x86.Build.0 = Release|Win32
		{D7A3E39E-A09E-4288-94D0-BF81345B05C7}.Debug|x64.ActiveCfg = Debug|x64
		{D7A3E39E-A09E-4288-94D0-BF81345B05C7}.Debug|x64.Build.0 = Debug|x64
		{D7A3E39E-A09E-4288-94D0-BF81345B05C7}.Debug|x86.ActiveCfg = Debug|Win32
		{D7A3E39E-A09E-4288-94D0-BF81345B05C7}.Debug|x86.Build.0 = Debug|Win32
		{D7A3E39E-A09E-4288-94D0-BF81345B05C7}.Release|x64.ActiveCfg = Release|x64
		{D7A3E39E-A09E-4288-94D0-BF81345B05C7}.Release|x64.Build.0 = Release|x64
		{D7A3E39E-A09E-4288-94D0-BF81345B05C7}.Release|x86.ActiveCfg = Release|Win32
		{D7A3E39E-A09E-4288-94D0-BF81345B05C7}.Release|x86.Build.0 = Release|Win32
		{8F30406C-E155-4019-BB36-B4E79655B08A}.Debug|x64.ActiveCfg = Debug|x64
		{8F30406C-E155-4019-BB36-B4E79655B08A}.Debug|x64.Build.0 = Debug|x64
		{8F30406C-E155-4019-BB36-B4E79655B08A}.Debug|x86.ActiveCfg = Debug|Win32
		{8F30406C-E155-4019-BB36-B4E79655B08A}.Debug|x86.Build.0 = Debug|Win32
		{8F30406C-E155-4019-BB36-B4E79655B08A}.Release|x64.ActiveCfg = Release|x64
		{8F30406C-E155-4019-BB36-B4E79655B08A}.Release|x64.Build.0 = Release|x64
		{8F30406C-E155-4019-BB36-B4E79655B08A}.Release|x86.ActiveCfg = Release|Win32
		{8F30406C-E155-4019-BB36-B4E79655B08A}.Release|x86.Build.0 = Release|Win32
		{CA374110-8F04-4E2B-B450-AF8D74E75941}.Debug|x64.ActiveCfg = Debug|x64
		{CA374110-8F04-4E2B-B450-AF8D74E75941}.Debug|x64.Build.0 = Debug|x64
		{CA374110-8F04-4E2B-B450-AF8D74E75941}.Debug|x86.ActiveCfg = Debug|Win32
		{CA374110-8F04-4E2B-B450-AF8D74E75941}.Debug|x86.Build.0 = Debug|Win32
		{CA374110-8F04-4E2B-B450-AF8D74E75941}.Release|x64.ActiveCfg = Release|x64
		{CA374110-8F04-4E2B-B450-AF8D74E75941}.Release|x64.Build.0 = Release|x64
		{CA374110-8F04-4E2B-B450-AF8D74E75941}.Release|x86.ActiveCfg = Release|Win32
		{CA374110-8F04-4E2B-B450-AF8D74E75941}.Release|x86.Build.0 = Release|Win32
	EndGlobalSection
	GlobalSection(SolutionProperties) = preSolution
		HideSolutionNode = FALSE
	EndGlobalSection
	GlobalSection(ExtensibilityGlobals) = postSolution
		SolutionGuid = {1376A3A2-0B64-4F4D-B777-A64EAE28462F}
	EndGlobalSection
EndGlobal
